
Microsoft Visual Studio Solution File, Format Version 12.00
# Visual Studio Version 17
VisualStudioVersion = 17.3.32922.545
MinimumVisualStudioVersion = 10.0.40219.1
Project("{9A19103F-16F7-4668-BE54-9A1E7A4F7556}") = "Duchy of Thorns", "Duchy of Thorns.csproj", "{65D769BD-D818-49B7-A67F-DB183CD7DE6F}"
EndProject
Global
	GlobalSection(SolutionConfigurationPlatforms) = preSolution
		Debug|Any CPU = Debug|Any CPU
		ExportDebug|Any CPU = ExportDebug|Any CPU
		ExportRelease|Any CPU = ExportRelease|Any CPU
	EndGlobalSection
	GlobalSection(ProjectConfigurationPlatforms) = postSolution
		{65D769BD-D818-49B7-A67F-DB183CD7DE6F}.Debug|Any CPU.ActiveCfg = Debug|Any CPU
		{65D769BD-D818-49B7-A67F-DB183CD7DE6F}.Debug|Any CPU.Build.0 = Debug|Any CPU
		{65D769BD-D818-49B7-A67F-DB183CD7DE6F}.ExportDebug|Any CPU.ActiveCfg = ExportDebug|Any CPU
		{65D769BD-D818-49B7-A67F-DB183CD7DE6F}.ExportDebug|Any CPU.Build.0 = ExportDebug|Any CPU
		{65D769BD-D818-49B7-A67F-DB183CD7DE6F}.ExportRelease|Any CPU.ActiveCfg = ExportRelease|Any CPU
		{65D769BD-D818-49B7-A67F-DB183CD7DE6F}.ExportRelease|Any CPU.Build.0 = ExportRelease|Any CPU
	EndGlobalSection
	GlobalSection(SolutionProperties) = preSolution
		HideSolutionNode = FALSE
	EndGlobalSection
	GlobalSection(ExtensibilityGlobals) = postSolution
		SolutionGuid = {77B4924A-672A-4169-B4E5-38A494034594}
	EndGlobalSection
EndGlobal
